// !$*UTF8*$!
{
	archiveVersion = 1;
	classes = {
	};
	objectVersion = 50;
	objects = {

/* Begin PBXBuildFile section */
		67192C6E250E23F10057E163 /* AppDelegate.swift in Sources */ = {isa = PBXBuildFile; fileRef = 67192C6D250E23F10057E163 /* AppDelegate.swift */; };
		67192C70250E23F10057E163 /* SceneDelegate.swift in Sources */ = {isa = PBXBuildFile; fileRef = 67192C6F250E23F10057E163 /* SceneDelegate.swift */; };
		67192C72250E23F10057E163 /* HomeViewController.swift in Sources */ = {isa = PBXBuildFile; fileRef = 67192C71250E23F10057E163 /* HomeViewController.swift */; };
		67192C75250E23F10057E163 /* Main.storyboard in Resources */ = {isa = PBXBuildFile; fileRef = 67192C73250E23F10057E163 /* Main.storyboard */; };
		67192C77250E23FB0057E163 /* Assets.xcassets in Resources */ = {isa = PBXBuildFile; fileRef = 67192C76250E23FB0057E163 /* Assets.xcassets */; };
		67192C7A250E23FB0057E163 /* LaunchScreen.storyboard in Resources */ = {isa = PBXBuildFile; fileRef = 67192C78250E23FB0057E163 /* LaunchScreen.storyboard */; };
		671E29442513656B0095E227 /* TranslationService.swift in Sources */ = {isa = PBXBuildFile; fileRef = 671E29432513656B0095E227 /* TranslationService.swift */; };
		67C05303251A3DE8004BCA69 /* String+extension.swift in Sources */ = {isa = PBXBuildFile; fileRef = 67C05302251A3DE8004BCA69 /* String+extension.swift */; };
		67C05306251A4814004BCA69 /* SettingsTableViewController.swift in Sources */ = {isa = PBXBuildFile; fileRef = 67C05305251A4814004BCA69 /* SettingsTableViewController.swift */; };
		67C05309251A4BC3004BCA69 /* Languages.swift in Sources */ = {isa = PBXBuildFile; fileRef = 67C05308251A4BC3004BCA69 /* Languages.swift */; };
		67D416962515375900F93914 /* Inceptionv3.mlmodel in Sources */ = {isa = PBXBuildFile; fileRef = 67D416952515375900F93914 /* Inceptionv3.mlmodel */; };
/* End PBXBuildFile section */

/* Begin PBXFileReference section */
		67192C6A250E23F10057E163 /* LingvoCam.app */ = {isa = PBXFileReference; explicitFileType = wrapper.application; includeInIndex = 0; path = LingvoCam.app; sourceTree = BUILT_PRODUCTS_DIR; };
		67192C6D250E23F10057E163 /* AppDelegate.swift */ = {isa = PBXFileReference; lastKnownFileType = sourcecode.swift; path = AppDelegate.swift; sourceTree = "<group>"; };
		67192C6F250E23F10057E163 /* SceneDelegate.swift */ = {isa = PBXFileReference; lastKnownFileType = sourcecode.swift; path = SceneDelegate.swift; sourceTree = "<group>"; };
		67192C71250E23F10057E163 /* HomeViewController.swift */ = {isa = PBXFileReference; lastKnownFileType = sourcecode.swift; path = HomeViewController.swift; sourceTree = "<group>"; usesTabs = 1; };
		67192C74250E23F10057E163 /* Base */ = {isa = PBXFileReference; lastKnownFileType = file.storyboard; name = Base; path = Base.lproj/Main.storyboard; sourceTree = "<group>"; };
		67192C76250E23FB0057E163 /* Assets.xcassets */ = {isa = PBXFileReference; lastKnownFileType = folder.assetcatalog; path = Assets.xcassets; sourceTree = "<group>"; };
		67192C79250E23FB0057E163 /* Base */ = {isa = PBXFileReference; lastKnownFileType = file.storyboard; name = Base; path = Base.lproj/LaunchScreen.storyboard; sourceTree = "<group>"; };
		67192C7B250E23FB0057E163 /* Info.plist */ = {isa = PBXFileReference; lastKnownFileType = text.plist.xml; path = Info.plist; sourceTree = "<group>"; };
		671E29432513656B0095E227 /* TranslationService.swift */ = {isa = PBXFileReference; lastKnownFileType = sourcecode.swift; path = TranslationService.swift; sourceTree = "<group>"; };
		67C05302251A3DE8004BCA69 /* String+extension.swift */ = {isa = PBXFileReference; lastKnownFileType = sourcecode.swift; path = "String+extension.swift"; sourceTree = "<group>"; };
		67C05305251A4814004BCA69 /* SettingsTableViewController.swift */ = {isa = PBXFileReference; lastKnownFileType = sourcecode.swift; path = SettingsTableViewController.swift; sourceTree = "<group>"; };
		67C05308251A4BC3004BCA69 /* Languages.swift */ = {isa = PBXFileReference; lastKnownFileType = sourcecode.swift; path = Languages.swift; sourceTree = "<group>"; };
		67D416952515375900F93914 /* Inceptionv3.mlmodel */ = {isa = PBXFileReference; lastKnownFileType = file.mlmodel; path = Inceptionv3.mlmodel; sourceTree = "<group>"; };
/* End PBXFileReference section */

/* Begin PBXFrameworksBuildPhase section */
		67192C67250E23F10057E163 /* Frameworks */ = {
			isa = PBXFrameworksBuildPhase;
			buildActionMask = 2147483647;
			files = (
			);
			runOnlyForDeploymentPostprocessing = 0;
		};
/* End PBXFrameworksBuildPhase section */

/* Begin PBXGroup section */
		67192C61250E23F10057E163 = {
			isa = PBXGroup;
			children = (
				67192C6C250E23F10057E163 /* LingvoCam */,
				67192C6B250E23F10057E163 /* Products */,
			);
			sourceTree = "<group>";
		};
		67192C6B250E23F10057E163 /* Products */ = {
			isa = PBXGroup;
			children = (
				67192C6A250E23F10057E163 /* LingvoCam.app */,
			);
			name = Products;
			sourceTree = "<group>";
		};
		67192C6C250E23F10057E163 /* LingvoCam */ = {
			isa = PBXGroup;
			children = (
				67192C6D250E23F10057E163 /* AppDelegate.swift */,
				67192C6F250E23F10057E163 /* SceneDelegate.swift */,
				67192C71250E23F10057E163 /* HomeViewController.swift */,
				671E29432513656B0095E227 /* TranslationService.swift */,
				67C05302251A3DE8004BCA69 /* String+extension.swift */,
				67192C73250E23F10057E163 /* Main.storyboard */,
				67C05305251A4814004BCA69 /* SettingsTableViewController.swift */,
				67C05308251A4BC3004BCA69 /* Languages.swift */,
				67192C76250E23FB0057E163 /* Assets.xcassets */,
				67192C78250E23FB0057E163 /* LaunchScreen.storyboard */,
				67192C7B250E23FB0057E163 /* Info.plist */,
				67D416952515375900F93914 /* Inceptionv3.mlmodel */,
			);
			path = LingvoCam;
			sourceTree = "<group>";
		};
/* End PBXGroup section */

/* Begin PBXNativeTarget section */
		67192C69250E23F10057E163 /* LingvoCam */ = {
			isa = PBXNativeTarget;
			buildConfigurationList = 67192C7E250E23FB0057E163 /* Build configuration list for PBXNativeTarget "LingvoCam" */;
			buildPhases = (
				67192C66250E23F10057E163 /* Sources */,
				67192C67250E23F10057E163 /* Frameworks */,
				67192C68250E23F10057E163 /* Resources */,
			);
			buildRules = (
			);
			dependencies = (
			);
			name = LingvoCam;
			productName = LingvoCam;
			productReference = 67192C6A250E23F10057E163 /* LingvoCam.app */;
			productType = "com.apple.product-type.application";
		};
/* End PBXNativeTarget section */

/* Begin PBXProject section */
		67192C62250E23F10057E163 /* Project object */ = {
			isa = PBXProject;
			attributes = {
				LastSwiftUpdateCheck = 1170;
				LastUpgradeCheck = 1200;
				ORGANIZATIONNAME = "Mike Shevelinsky";
				TargetAttributes = {
					67192C69250E23F10057E163 = {
						CreatedOnToolsVersion = 11.7;
					};
				};
			};
			buildConfigurationList = 67192C65250E23F10057E163 /* Build configuration list for PBXProject "LingvoCam" */;
			compatibilityVersion = "Xcode 9.3";
			developmentRegion = en;
			hasScannedForEncodings = 0;
			knownRegions = (
				en,
				Base,
			);
			mainGroup = 67192C61250E23F10057E163;
			productRefGroup = 67192C6B250E23F10057E163 /* Products */;
			projectDirPath = "";
			projectRoot = "";
			targets = (
				67192C69250E23F10057E163 /* LingvoCam */,
			);
		};
/* End PBXProject section */

/* Begin PBXResourcesBuildPhase section */
		67192C68250E23F10057E163 /* Resources */ = {
			isa = PBXResourcesBuildPhase;
			buildActionMask = 2147483647;
			files = (
				67192C7A250E23FB0057E163 /* LaunchScreen.storyboard in Resources */,
				67192C77250E23FB0057E163 /* Assets.xcassets in Resources */,
				67192C75250E23F10057E163 /* Main.storyboard in Resources */,
			);
			runOnlyForDeploymentPostprocessing = 0;
		};
/* End PBXResourcesBuildPhase section */

/* Begin PBXSourcesBuildPhase section */
		67192C66250E23F10057E163 /* Sources */ = {
			isa = PBXSourcesBuildPhase;
			buildActionMask = 2147483647;
			files = (
				67D416962515375900F93914 /* Inceptionv3.mlmodel in Sources */,
				67C05309251A4BC3004BCA69 /* Languages.swift in Sources */,
				67192C72250E23F10057E163 /* HomeViewController.swift in Sources */,
				67C05303251A3DE8004BCA69 /* String+extension.swift in Sources */,
				67192C6E250E23F10057E163 /* AppDelegate.swift in Sources */,
				67192C70250E23F10057E163 /* SceneDelegate.swift in Sources */,
				671E29442513656B0095E227 /* TranslationService.swift in Sources */,
				67C05306251A4814004BCA69 /* SettingsTableViewController.swift in Sources */,
			);
			runOnlyForDeploymentPostprocessing = 0;
		};
/* End PBXSourcesBuildPhase section */

/* Begin PBXVariantGroup section */
		67192C73250E23F10057E163 /* Main.storyboard */ = {
			isa = PBXVariantGroup;
			children = (
				67192C74250E23F10057E163 /* Base */,
			);
			name = Main.storyboard;
			sourceTree = "<group>";
		};
		67192C78250E23FB0057E163 /* LaunchScreen.storyboard */ = {
			isa = PBXVariantGroup;
			children = (
				67192C79250E23FB0057E163 /* Base */,
			);
			name = LaunchScreen.storyboard;
			sourceTree = "<group>";
		};
/* End PBXVariantGroup section */

/* Begin XCBuildConfiguration section */
		67192C7C250E23FB0057E163 /* Debug */ = {
			isa = XCBuildConfiguration;
			buildSettings = {
				ALWAYS_SEARCH_USER_PATHS = NO;
				CLANG_ANALYZER_NONNULL = YES;
				CLANG_ANALYZER_NUMBER_OBJECT_CONVERSION = YES_AGGRESSIVE;
				CLANG_CXX_LANGUAGE_STANDARD = "gnu++14";
				CLANG_CXX_LIBRARY = "libc++";
				CLANG_ENABLE_MODULES = YES;
				CLANG_ENABLE_OBJC_ARC = YES;
				CLANG_ENABLE_OBJC_WEAK = YES;
				CLANG_WARN_BLOCK_CAPTURE_AUTORELEASING = YES;
				CLANG_WARN_BOOL_CONVERSION = YES;
				CLANG_WARN_COMMA = YES;
				CLANG_WARN_CONSTANT_CONVERSION = YES;
				CLANG_WARN_DEPRECATED_OBJC_IMPLEMENTATIONS = YES;
				CLANG_WARN_DIRECT_OBJC_ISA_USAGE = YES_ERROR;
				CLANG_WARN_DOCUMENTATION_COMMENTS = YES;
				CLANG_WARN_EMPTY_BODY = YES;
				CLANG_WARN_ENUM_CONVERSION = YES;
				CLANG_WARN_INFINITE_RECURSION = YES;
				CLANG_WARN_INT_CONVERSION = YES;
				CLANG_WARN_NON_LITERAL_NULL_CONVERSION = YES;
				CLANG_WARN_OBJC_IMPLICIT_RETAIN_SELF = YES;
				CLANG_WARN_OBJC_LITERAL_CONVERSION = YES;
				CLANG_WARN_OBJC_ROOT_CLASS = YES_ERROR;
				CLANG_WARN_QUOTED_INCLUDE_IN_FRAMEWORK_HEADER = YES;
				CLANG_WARN_RANGE_LOOP_ANALYSIS = YES;
				CLANG_WARN_STRICT_PROTOTYPES = YES;
				CLANG_WARN_SUSPICIOUS_MOVE = YES;
				CLANG_WARN_UNGUARDED_AVAILABILITY = YES_AGGRESSIVE;
				CLANG_WARN_UNREACHABLE_CODE = YES;
				CLANG_WARN__DUPLICATE_METHOD_MATCH = YES;
				COPY_PHASE_STRIP = NO;
				DEBUG_INFORMATION_FORMAT = dwarf;
				ENABLE_STRICT_OBJC_MSGSEND = YES;
				ENABLE_TESTABILITY = YES;
				GCC_C_LANGUAGE_STANDARD = gnu11;
				GCC_DYNAMIC_NO_PIC = NO;
				GCC_NO_COMMON_BLOCKS = YES;
				GCC_OPTIMIZATION_LEVEL = 0;
				GCC_PREPROCESSOR_DEFINITIONS = (
					"DEBUG=1",
					"$(inherited)",
				);
				GCC_WARN_64_TO_32_BIT_CONVERSION = YES;
				GCC_WARN_ABOUT_RETURN_TYPE = YES_ERROR;
				GCC_WARN_UNDECLARED_SELECTOR = YES;
				GCC_WARN_UNINITIALIZED_AUTOS = YES_AGGRESSIVE;
				GCC_WARN_UNUSED_FUNCTION = YES;
				GCC_WARN_UNUSED_VARIABLE = YES;
				IPHONEOS_DEPLOYMENT_TARGET = 14.0;
				MTL_ENABLE_DEBUG_INFO = INCLUDE_SOURCE;
				MTL_FAST_MATH = YES;
				ONLY_ACTIVE_ARCH = YES;
				SDKROOT = iphoneos;
				SWIFT_ACTIVE_COMPILATION_CONDITIONS = DEBUG;
				SWIFT_OPTIMIZATION_LEVEL = "-Onone";
			};
			name = Debug;
		};
		67192C7D250E23FB0057E163 /* Release */ = {
			isa = XCBuildConfiguration;
			buildSettings = {
				ALWAYS_SEARCH_USER_PATHS = NO;
				CLANG_ANALYZER_NONNULL = YES;
				CLANG_ANALYZER_NUMBER_OBJECT_CONVERSION = YES_AGGRESSIVE;
				CLANG_CXX_LANGUAGE_STANDARD = "gnu++14";
				CLANG_CXX_LIBRARY = "libc++";
				CLANG_ENABLE_MODULES = YES;
				CLANG_ENABLE_OBJC_ARC = YES;
				CLANG_ENABLE_OBJC_WEAK = YES;
				CLANG_WARN_BLOCK_CAPTURE_AUTORELEASING = YES;
				CLANG_WARN_BOOL_CONVERSION = YES;
				CLANG_WARN_COMMA = YES;
				CLANG_WARN_CONSTANT_CONVERSION = YES;
				CLANG_WARN_DEPRECATED_OBJC_IMPLEMENTATIONS = YES;
				CLANG_WARN_DIRECT_OBJC_ISA_USAGE = YES_ERROR;
				CLANG_WARN_DOCUMENTATION_COMMENTS = YES;
				CLANG_WARN_EMPTY_BODY = YES;
				CLANG_WARN_ENUM_CONVERSION = YES;
				CLANG_WARN_INFINITE_RECURSION = YES;
				CLANG_WARN_INT_CONVERSION = YES;
				CLANG_WARN_NON_LITERAL_NULL_CONVERSION = YES;
				CLANG_WARN_OBJC_IMPLICIT_RETAIN_SELF = YES;
				CLANG_WARN_OBJC_LITERAL_CONVERSION = YES;
				CLANG_WARN_OBJC_ROOT_CLASS = YES_ERROR;
				CLANG_WARN_QUOTED_INCLUDE_IN_FRAMEWORK_HEADER = YES;
				CLANG_WARN_RANGE_LOOP_ANALYSIS = YES;
				CLANG_WARN_STRICT_PROTOTYPES = YES;
				CLANG_WARN_SUSPICIOUS_MOVE = YES;
				CLANG_WARN_UNGUARDED_AVAILABILITY = YES_AGGRESSIVE;
				CLANG_WARN_UNREACHABLE_CODE = YES;
				CLANG_WARN__DUPLICATE_METHOD_MATCH = YES;
				COPY_PHASE_STRIP = NO;
				DEBUG_INFORMATION_FORMAT = "dwarf-with-dsym";
				ENABLE_NS_ASSERTIONS = NO;
				ENABLE_STRICT_OBJC_MSGSEND = YES;
				GCC_C_LANGUAGE_STANDARD = gnu11;
				GCC_NO_COMMON_BLOCKS = YES;
				GCC_WARN_64_TO_32_BIT_CONVERSION = YES;
				GCC_WARN_ABOUT_RETURN_TYPE = YES_ERROR;
				GCC_WARN_UNDECLARED_SELECTOR = YES;
				GCC_WARN_UNINITIALIZED_AUTOS = YES_AGGRESSIVE;
				GCC_WARN_UNUSED_FUNCTION = YES;
				GCC_WARN_UNUSED_VARIABLE = YES;
				IPHONEOS_DEPLOYMENT_TARGET = 14.0;
				MTL_ENABLE_DEBUG_INFO = NO;
				MTL_FAST_MATH = YES;
				SDKROOT = iphoneos;
				SWIFT_COMPILATION_MODE = wholemodule;
				SWIFT_OPTIMIZATION_LEVEL = "-O";
				VALIDATE_PRODUCT = YES;
			};
			name = Release;
		};
		67192C7F250E23FB0057E163 /* Debug */ = {
			isa = XCBuildConfiguration;
			buildSettings = {
				ASSETCATALOG_COMPILER_APPICON_NAME = AppIcon;
				CODE_SIGN_STYLE = Automatic;
				DEVELOPMENT_TEAM = 4S3J7NRC9R;
				INFOPLIST_FILE = LingvoCam/Info.plist;
				LD_RUNPATH_SEARCH_PATHS = (
					"$(inherited)",
					"@executable_path/Frameworks",
				);
				PRODUCT_BUNDLE_IDENTIFIER = by.jesus.LingvoCam;
				PRODUCT_NAME = "$(TARGET_NAME)";
				SWIFT_VERSION = 5.0;
				TARGETED_DEVICE_FAMILY = "1,2";
			};
			name = Debug;
		};
		67192C80250E23FB0057E163 /* Release */ = {
			isa = XCBuildConfiguration;
			buildSettings = {
				ASSETCATALOG_COMPILER_APPICON_NAME = AppIcon;
				CODE_SIGN_STYLE = Automatic;
				DEVELOPMENT_TEAM = 4S3J7NRC9R;
				INFOPLIST_FILE = LingvoCam/Info.plist;
				LD_RUNPATH_SEARCH_PATHS = (
					"$(inherited)",
					"@executable_path/Frameworks",
				);
				PRODUCT_BUNDLE_IDENTIFIER = by.jesus.LingvoCam;
				PRODUCT_NAME = "$(TARGET_NAME)";
				SWIFT_VERSION = 5.0;
				TARGETED_DEVICE_FAMILY = "1,2";
			};
			name = Release;
		};
/* End XCBuildConfiguration section */

/* Begin XCConfigurationList section */
		67192C65250E23F10057E163 /* Build configuration list for PBXProject "LingvoCam" */ = {
			isa = XCConfigurationList;
			buildConfigurations = (
				67192C7C250E23FB0057E163 /* Debug */,
				67192C7D250E23FB0057E163 /* Release */,
			);
			defaultConfigurationIsVisible = 0;
			defaultConfigurationName = Release;
		};
		67192C7E250E23FB0057E163 /* Build configuration list for PBXNativeTarget "LingvoCam" */ = {
			isa = XCConfigurationList;
			buildConfigurations = (
				67192C7F250E23FB0057E163 /* Debug */,
				67192C80250E23FB0057E163 /* Release */,
			);
			defaultConfigurationIsVisible = 0;
			defaultConfigurationName = Release;
		};
/* End XCConfigurationList section */
	};
	rootObject = 67192C62250E23F10057E163 /* Project object */;
}
